// !$*UTF8*$!
{
	archiveVersion = 1;
	classes = {
	};
	objectVersion = 53;
	objects = {

/* Begin PBXBuildFile section */
		2F82948827EA5476000C5D01 /* UnsupportedSensorView.swift in Sources */ = {isa = PBXBuildFile; fileRef = 2F82948727EA5476000C5D01 /* UnsupportedSensorView.swift */; };
		2F961EBF27E974B200E5A4EE /* DarkModeBuddyCore.framework in Frameworks */ = {isa = PBXBuildFile; fileRef = 2F961EBD27E974A500E5A4EE /* DarkModeBuddyCore.framework */; };
		2F961EC027E974B200E5A4EE /* DarkModeBuddyCore.framework in Embed Frameworks */ = {isa = PBXBuildFile; fileRef = 2F961EBD27E974A500E5A4EE /* DarkModeBuddyCore.framework */; settings = {ATTRIBUTES = (CodeSignOnCopy, RemoveHeadersOnCopy, ); }; };
		2FA7ED8527E90BFB0057CB57 /* AmbientLightApp.swift in Sources */ = {isa = PBXBuildFile; fileRef = 2FA7ED8427E90BFB0057CB57 /* AmbientLightApp.swift */; };
		2FA7ED8727E90BFB0057CB57 /* ContentView.swift in Sources */ = {isa = PBXBuildFile; fileRef = 2FA7ED8627E90BFB0057CB57 /* ContentView.swift */; };
		2FA7ED8927E90BFD0057CB57 /* Assets.xcassets in Resources */ = {isa = PBXBuildFile; fileRef = 2FA7ED8827E90BFD0057CB57 /* Assets.xcassets */; };
		2FA7ED8C27E90BFD0057CB57 /* Preview Assets.xcassets in Resources */ = {isa = PBXBuildFile; fileRef = 2FA7ED8B27E90BFD0057CB57 /* Preview Assets.xcassets */; };
		2FA7EDB727E90C4F0057CB57 /* Sparkle.framework in Frameworks */ = {isa = PBXBuildFile; fileRef = 2FA7EDB127E90C450057CB57 /* Sparkle.framework */; };
		2FA7EDB827E90C4F0057CB57 /* Sparkle.framework in Embed Frameworks */ = {isa = PBXBuildFile; fileRef = 2FA7EDB127E90C450057CB57 /* Sparkle.framework */; settings = {ATTRIBUTES = (CodeSignOnCopy, RemoveHeadersOnCopy, ); }; };
/* End PBXBuildFile section */

/* Begin PBXCopyFilesBuildPhase section */
		2FA7EDB627E90C4D0057CB57 /* Embed Frameworks */ = {
			isa = PBXCopyFilesBuildPhase;
			buildActionMask = 2147483647;
			dstPath = "";
			dstSubfolderSpec = 10;
			files = (
				2FA7EDB827E90C4F0057CB57 /* Sparkle.framework in Embed Frameworks */,
				2F961EC027E974B200E5A4EE /* DarkModeBuddyCore.framework in Embed Frameworks */,
			);
			name = "Embed Frameworks";
			runOnlyForDeploymentPostprocessing = 0;
		};
/* End PBXCopyFilesBuildPhase section */

/* Begin PBXFileReference section */
		2F82948727EA5476000C5D01 /* UnsupportedSensorView.swift */ = {isa = PBXFileReference; lastKnownFileType = sourcecode.swift; path = UnsupportedSensorView.swift; sourceTree = "<group>"; };
		2F961EBD27E974A500E5A4EE /* DarkModeBuddyCore.framework */ = {isa = PBXFileReference; lastKnownFileType = wrapper.framework; path = DarkModeBuddyCore.framework; sourceTree = "<group>"; };
		2F98A1A02805F53200AD011E /* readme.md */ = {isa = PBXFileReference; lastKnownFileType = net.daringfireball.markdown; path = readme.md; sourceTree = "<group>"; };
		2FA7ED8127E90BFB0057CB57 /* AmbientLight.app */ = {isa = PBXFileReference; explicitFileType = wrapper.application; includeInIndex = 0; path = AmbientLight.app; sourceTree = BUILT_PRODUCTS_DIR; };
		2FA7ED8427E90BFB0057CB57 /* AmbientLightApp.swift */ = {isa = PBXFileReference; lastKnownFileType = sourcecode.swift; path = AmbientLightApp.swift; sourceTree = "<group>"; };
		2FA7ED8627E90BFB0057CB57 /* ContentView.swift */ = {isa = PBXFileReference; lastKnownFileType = sourcecode.swift; path = ContentView.swift; sourceTree = "<group>"; };
		2FA7ED8827E90BFD0057CB57 /* Assets.xcassets */ = {isa = PBXFileReference; lastKnownFileType = folder.assetcatalog; path = Assets.xcassets; sourceTree = "<group>"; };
		2FA7ED8B27E90BFD0057CB57 /* Preview Assets.xcassets */ = {isa = PBXFileReference; lastKnownFileType = folder.assetcatalog; path = "Preview Assets.xcassets"; sourceTree = "<group>"; };
		2FA7ED8D27E90BFD0057CB57 /* AmbientLight.entitlements */ = {isa = PBXFileReference; lastKnownFileType = text.plist.entitlements; path = AmbientLight.entitlements; sourceTree = "<group>"; };
		2FA7EDB127E90C450057CB57 /* Sparkle.framework */ = {isa = PBXFileReference; lastKnownFileType = wrapper.framework; path = Sparkle.framework; sourceTree = "<group>"; };
/* End PBXFileReference section */

/* Begin PBXFrameworksBuildPhase section */
		2FA7ED7E27E90BFB0057CB57 /* Frameworks */ = {
			isa = PBXFrameworksBuildPhase;
			buildActionMask = 2147483647;
			files = (
				2FA7EDB727E90C4F0057CB57 /* Sparkle.framework in Frameworks */,
				2F961EBF27E974B200E5A4EE /* DarkModeBuddyCore.framework in Frameworks */,
			);
			runOnlyForDeploymentPostprocessing = 0;
		};
/* End PBXFrameworksBuildPhase section */

/* Begin PBXGroup section */
		2FA7ED7827E90BFB0057CB57 = {
			isa = PBXGroup;
			children = (
				2F98A1A02805F53200AD011E /* readme.md */,
				2FA7EDAF27E90C450057CB57 /* Vendor */,
				2FA7ED8327E90BFB0057CB57 /* AmbientLight */,
				2FA7ED8227E90BFB0057CB57 /* Products */,
			);
			sourceTree = "<group>";
		};
		2FA7ED8227E90BFB0057CB57 /* Products */ = {
			isa = PBXGroup;
			children = (
				2FA7ED8127E90BFB0057CB57 /* AmbientLight.app */,
			);
			name = Products;
			sourceTree = "<group>";
		};
		2FA7ED8327E90BFB0057CB57 /* AmbientLight */ = {
			isa = PBXGroup;
			children = (
				2FA7ED8427E90BFB0057CB57 /* AmbientLightApp.swift */,
				2FA7ED8627E90BFB0057CB57 /* ContentView.swift */,
				2F82948727EA5476000C5D01 /* UnsupportedSensorView.swift */,
				2FA7ED8827E90BFD0057CB57 /* Assets.xcassets */,
				2FA7ED8D27E90BFD0057CB57 /* AmbientLight.entitlements */,
				2FA7ED8A27E90BFD0057CB57 /* Preview Content */,
			);
			path = AmbientLight;
			sourceTree = "<group>";
		};
		2FA7ED8A27E90BFD0057CB57 /* Preview Content */ = {
			isa = PBXGroup;
			children = (
				2FA7ED8B27E90BFD0057CB57 /* Preview Assets.xcassets */,
			);
			path = "Preview Content";
			sourceTree = "<group>";
		};
		2FA7EDAF27E90C450057CB57 /* Vendor */ = {
			isa = PBXGroup;
			children = (
				2F961EBD27E974A500E5A4EE /* DarkModeBuddyCore.framework */,
				2FA7EDB127E90C450057CB57 /* Sparkle.framework */,
			);
			path = Vendor;
			sourceTree = "<group>";
		};
/* End PBXGroup section */

/* Begin PBXNativeTarget section */
		2FA7ED8027E90BFB0057CB57 /* AmbientLight */ = {
			isa = PBXNativeTarget;
			buildConfigurationList = 2FA7EDA627E90BFD0057CB57 /* Build configuration list for PBXNativeTarget "AmbientLight" */;
			buildPhases = (
				2FA7ED7D27E90BFB0057CB57 /* Sources */,
				2FA7ED7E27E90BFB0057CB57 /* Frameworks */,
				2FA7ED7F27E90BFB0057CB57 /* Resources */,
				2FA7EDB627E90C4D0057CB57 /* Embed Frameworks */,
			);
			buildRules = (
			);
			dependencies = (
			);
			name = AmbientLight;
			productName = AmbientLight;
			productReference = 2FA7ED8127E90BFB0057CB57 /* AmbientLight.app */;
			productType = "com.apple.product-type.application";
		};
/* End PBXNativeTarget section */

/* Begin PBXProject section */
		2FA7ED7927E90BFB0057CB57 /* Project object */ = {
			isa = PBXProject;
			attributes = {
				BuildIndependentTargetsInParallel = 1;
				LastSwiftUpdateCheck = 1330;
				LastUpgradeCheck = 1330;
				TargetAttributes = {
					2FA7ED8027E90BFB0057CB57 = {
						CreatedOnToolsVersion = 13.3;
					};
				};
			};
			buildConfigurationList = 2FA7ED7C27E90BFB0057CB57 /* Build configuration list for PBXProject "AmbientLight" */;
			compatibilityVersion = "Xcode 8.0";
			developmentRegion = en;
			hasScannedForEncodings = 0;
			knownRegions = (
				en,
				Base,
			);
			mainGroup = 2FA7ED7827E90BFB0057CB57;
			productRefGroup = 2FA7ED8227E90BFB0057CB57 /* Products */;
			projectDirPath = "";
			projectRoot = "";
			targets = (
				2FA7ED8027E90BFB0057CB57 /* AmbientLight */,
			);
		};
/* End PBXProject section */

/* Begin PBXResourcesBuildPhase section */
		2FA7ED7F27E90BFB0057CB57 /* Resources */ = {
			isa = PBXResourcesBuildPhase;
			buildActionMask = 2147483647;
			files = (
				2FA7ED8C27E90BFD0057CB57 /* Preview Assets.xcassets in Resources */,
				2FA7ED8927E90BFD0057CB57 /* Assets.xcassets in Resources */,
			);
			runOnlyForDeploymentPostprocessing = 0;
		};
/* End PBXResourcesBuildPhase section */

/* Begin PBXSourcesBuildPhase section */
		2FA7ED7D27E90BFB0057CB57 /* Sources */ = {
			isa = PBXSourcesBuildPhase;
			buildActionMask = 2147483647;
			files = (
				2FA7ED8727E90BFB0057CB57 /* ContentView.swift in Sources */,
				2FA7ED8527E90BFB0057CB57 /* AmbientLightApp.swift in Sources */,
				2F82948827EA5476000C5D01 /* UnsupportedSensorView.swift in Sources */,
			);
			runOnlyForDeploymentPostprocessing = 0;
		};
/* End PBXSourcesBuildPhase section */

/* Begin XCBuildConfiguration section */
		2FA7EDA427E90BFD0057CB57 /* Debug */ = {
			isa = XCBuildConfiguration;
			buildSettings = {
				ALWAYS_SEARCH_USER_PATHS = NO;
				CLANG_ANALYZER_NONNULL = YES;
				CLANG_ANALYZER_NUMBER_OBJECT_CONVERSION = YES_AGGRESSIVE;
				CLANG_CXX_LANGUAGE_STANDARD = "gnu++17";
				CLANG_ENABLE_MODULES = YES;
				CLANG_ENABLE_OBJC_ARC = YES;
				CLANG_ENABLE_OBJC_WEAK = YES;
				CLANG_WARN_BLOCK_CAPTURE_AUTORELEASING = YES;
				CLANG_WARN_BOOL_CONVERSION = YES;
				CLANG_WARN_COMMA = YES;
				CLANG_WARN_CONSTANT_CONVERSION = YES;
				CLANG_WARN_DEPRECATED_OBJC_IMPLEMENTATIONS = YES;
				CLANG_WARN_DIRECT_OBJC_ISA_USAGE = YES_ERROR;
				CLANG_WARN_DOCUMENTATION_COMMENTS = YES;
				CLANG_WARN_EMPTY_BODY = YES;
				CLANG_WARN_ENUM_CONVERSION = YES;
				CLANG_WARN_INFINITE_RECURSION = YES;
				CLANG_WARN_INT_CONVERSION = YES;
				CLANG_WARN_NON_LITERAL_NULL_CONVERSION = YES;
				CLANG_WARN_OBJC_IMPLICIT_RETAIN_SELF = YES;
				CLANG_WARN_OBJC_LITERAL_CONVERSION = YES;
				CLANG_WARN_OBJC_ROOT_CLASS = YES_ERROR;
				CLANG_WARN_QUOTED_INCLUDE_IN_FRAMEWORK_HEADER = YES;
				CLANG_WARN_RANGE_LOOP_ANALYSIS = YES;
				CLANG_WARN_STRICT_PROTOTYPES = YES;
				CLANG_WARN_SUSPICIOUS_MOVE = YES;
				CLANG_WARN_UNGUARDED_AVAILABILITY = YES_AGGRESSIVE;
				CLANG_WARN_UNREACHABLE_CODE = YES;
				CLANG_WARN__DUPLICATE_METHOD_MATCH = YES;
				COPY_PHASE_STRIP = NO;
				DEBUG_INFORMATION_FORMAT = dwarf;
				ENABLE_STRICT_OBJC_MSGSEND = YES;
				ENABLE_TESTABILITY = YES;
				GCC_C_LANGUAGE_STANDARD = gnu11;
				GCC_DYNAMIC_NO_PIC = NO;
				GCC_NO_COMMON_BLOCKS = YES;
				GCC_OPTIMIZATION_LEVEL = 0;
				GCC_PREPROCESSOR_DEFINITIONS = (
					"DEBUG=1",
					"$(inherited)",
				);
				GCC_WARN_64_TO_32_BIT_CONVERSION = YES;
				GCC_WARN_ABOUT_RETURN_TYPE = YES_ERROR;
				GCC_WARN_UNDECLARED_SELECTOR = YES;
				GCC_WARN_UNINITIALIZED_AUTOS = YES_AGGRESSIVE;
				GCC_WARN_UNUSED_FUNCTION = YES;
				GCC_WARN_UNUSED_VARIABLE = YES;
				MACOSX_DEPLOYMENT_TARGET = 11.0;
				MTL_ENABLE_DEBUG_INFO = INCLUDE_SOURCE;
				MTL_FAST_MATH = YES;
				ONLY_ACTIVE_ARCH = YES;
				SDKROOT = macosx;
				SWIFT_ACTIVE_COMPILATION_CONDITIONS = DEBUG;
				SWIFT_OPTIMIZATION_LEVEL = "-Onone";
			};
			name = Debug;
		};
		2FA7EDA527E90BFD0057CB57 /* Release */ = {
			isa = XCBuildConfiguration;
			buildSettings = {
				ALWAYS_SEARCH_USER_PATHS = NO;
				CLANG_ANALYZER_NONNULL = YES;
				CLANG_ANALYZER_NUMBER_OBJECT_CONVERSION = YES_AGGRESSIVE;
				CLANG_CXX_LANGUAGE_STANDARD = "gnu++17";
				CLANG_ENABLE_MODULES = YES;
				CLANG_ENABLE_OBJC_ARC = YES;
				CLANG_ENABLE_OBJC_WEAK = YES;
				CLANG_WARN_BLOCK_CAPTURE_AUTORELEASING = YES;
				CLANG_WARN_BOOL_CONVERSION = YES;
				CLANG_WARN_COMMA = YES;
				CLANG_WARN_CONSTANT_CONVERSION = YES;
				CLANG_WARN_DEPRECATED_OBJC_IMPLEMENTATIONS = YES;
				CLANG_WARN_DIRECT_OBJC_ISA_USAGE = YES_ERROR;
				CLANG_WARN_DOCUMENTATION_COMMENTS = YES;
				CLANG_WARN_EMPTY_BODY = YES;
				CLANG_WARN_ENUM_CONVERSION = YES;
				CLANG_WARN_INFINITE_RECURSION = YES;
				CLANG_WARN_INT_CONVERSION = YES;
				CLANG_WARN_NON_LITERAL_NULL_CONVERSION = YES;
				CLANG_WARN_OBJC_IMPLICIT_RETAIN_SELF = YES;
				CLANG_WARN_OBJC_LITERAL_CONVERSION = YES;
				CLANG_WARN_OBJC_ROOT_CLASS = YES_ERROR;
				CLANG_WARN_QUOTED_INCLUDE_IN_FRAMEWORK_HEADER = YES;
				CLANG_WARN_RANGE_LOOP_ANALYSIS = YES;
				CLANG_WARN_STRICT_PROTOTYPES = YES;
				CLANG_WARN_SUSPICIOUS_MOVE = YES;
				CLANG_WARN_UNGUARDED_AVAILABILITY = YES_AGGRESSIVE;
				CLANG_WARN_UNREACHABLE_CODE = YES;
				CLANG_WARN__DUPLICATE_METHOD_MATCH = YES;
				COPY_PHASE_STRIP = NO;
				DEBUG_INFORMATION_FORMAT = "dwarf-with-dsym";
				ENABLE_NS_ASSERTIONS = NO;
				ENABLE_STRICT_OBJC_MSGSEND = YES;
				GCC_C_LANGUAGE_STANDARD = gnu11;
				GCC_NO_COMMON_BLOCKS = YES;
				GCC_WARN_64_TO_32_BIT_CONVERSION = YES;
				GCC_WARN_ABOUT_RETURN_TYPE = YES_ERROR;
				GCC_WARN_UNDECLARED_SELECTOR = YES;
				GCC_WARN_UNINITIALIZED_AUTOS = YES_AGGRESSIVE;
				GCC_WARN_UNUSED_FUNCTION = YES;
				GCC_WARN_UNUSED_VARIABLE = YES;
				MACOSX_DEPLOYMENT_TARGET = 11.0;
				MTL_ENABLE_DEBUG_INFO = NO;
				MTL_FAST_MATH = YES;
				SDKROOT = macosx;
				SWIFT_COMPILATION_MODE = wholemodule;
				SWIFT_OPTIMIZATION_LEVEL = "-O";
			};
			name = Release;
		};
		2FA7EDA727E90BFD0057CB57 /* Debug */ = {
			isa = XCBuildConfiguration;
			buildSettings = {
				ASSETCATALOG_COMPILER_APPICON_NAME = AppIcon;
				ASSETCATALOG_COMPILER_GLOBAL_ACCENT_COLOR_NAME = AccentColor;
				CODE_SIGN_ENTITLEMENTS = AmbientLight/AmbientLight.entitlements;
				CODE_SIGN_STYLE = Automatic;
				COMBINE_HIDPI_IMAGES = YES;
				CURRENT_PROJECT_VERSION = 1;
				DEVELOPMENT_ASSET_PATHS = "\"AmbientLight/Preview Content\"";
				DEVELOPMENT_TEAM = VQ8DM4F3DS;
				ENABLE_HARDENED_RUNTIME = YES;
				ENABLE_PREVIEWS = YES;
				FRAMEWORK_SEARCH_PATHS = (
					"$(inherited)",
					"$(PROJECT_DIR)/Vendor",
				);
				GENERATE_INFOPLIST_FILE = YES;
				INFOPLIST_KEY_LSApplicationCategoryType = "public.app-category.utilities";
				INFOPLIST_KEY_NSHumanReadableCopyright = "";
				LD_RUNPATH_SEARCH_PATHS = (
					"$(inherited)",
					"@executable_path/../Frameworks",
				);
				MARKETING_VERSION = 1.0;
				PRODUCT_BUNDLE_IDENTIFIER = screencam.AmbientLight;
				PRODUCT_NAME = "$(TARGET_NAME)";
				SWIFT_EMIT_LOC_STRINGS = YES;
				SWIFT_VERSION = 5.0;
			};
			name = Debug;
		};
		2FA7EDA827E90BFD0057CB57 /* Release */ = {
			isa = XCBuildConfiguration;
			buildSettings = {
				ASSETCATALOG_COMPILER_APPICON_NAME = AppIcon;
				ASSETCATALOG_COMPILER_GLOBAL_ACCENT_COLOR_NAME = AccentColor;
				CODE_SIGN_ENTITLEMENTS = AmbientLight/AmbientLight.entitlements;
				CODE_SIGN_STYLE = Automatic;
				COMBINE_HIDPI_IMAGES = YES;
				CURRENT_PROJECT_VERSION = 1;
				DEVELOPMENT_ASSET_PATHS = "\"AmbientLight/Preview Content\"";
				DEVELOPMENT_TEAM = VQ8DM4F3DS;
				ENABLE_HARDENED_RUNTIME = YES;
				ENABLE_PREVIEWS = YES;
				FRAMEWORK_SEARCH_PATHS = (
					"$(inherited)",
					"$(PROJECT_DIR)/Vendor",
				);
				GENERATE_INFOPLIST_FILE = YES;
				INFOPLIST_KEY_LSApplicationCategoryType = "public.app-category.utilities";
				INFOPLIST_KEY_NSHumanReadableCopyright = "";
				LD_RUNPATH_SEARCH_PATHS = (
					"$(inherited)",
					"@executable_path/../Frameworks",
				);
				MARKETING_VERSION = 1.0;
				PRODUCT_BUNDLE_IDENTIFIER = screencam.AmbientLight;
				PRODUCT_NAME = "$(TARGET_NAME)";
				SWIFT_EMIT_LOC_STRINGS = YES;
				SWIFT_VERSION = 5.0;
			};
			name = Release;
		};
/* End XCBuildConfiguration section */

/* Begin XCConfigurationList section */
		2FA7ED7C27E90BFB0057CB57 /* Build configuration list for PBXProject "AmbientLight" */ = {
			isa = XCConfigurationList;
			buildConfigurations = (
				2FA7EDA427E90BFD0057CB57 /* Debug */,
				2FA7EDA527E90BFD0057CB57 /* Release */,
			);
			defaultConfigurationIsVisible = 0;
			defaultConfigurationName = Release;
		};
		2FA7EDA627E90BFD0057CB57 /* Build configuration list for PBXNativeTarget "AmbientLight" */ = {
			isa = XCConfigurationList;
			buildConfigurations = (
				2FA7EDA727E90BFD0057CB57 /* Debug */,
				2FA7EDA827E90BFD0057CB57 /* Release */,
			);
			defaultConfigurationIsVisible = 0;
			defaultConfigurationName = Release;
		};
/* End XCConfigurationList section */
	};
	rootObject = 2FA7ED7927E90BFB0057CB57 /* Project object */;
}
